
Microsoft Visual Studio Solution File, Format Version 12.00
# Visual Studio Version 16
VisualStudioVersion = 16.0.31129.286
MinimumVisualStudioVersion = 10.0.40219.1
Project("{FAE04EC0-301F-11D3-BF4B-00C04F79EFBC}") = "Dsl", "Dsl\Dsl.csproj", "{3371F5E4-B028-4EC6-91E7-5255E6FC6C4B}"
EndProject
Project("{FAE04EC0-301F-11D3-BF4B-00C04F79EFBC}") = "DslPackage", "DslPackage\DslPackage.csproj", "{3A8DBDF7-251E-4098-87DE-1A973752247E}"
EndProject
Global
	GlobalSection(SolutionConfigurationPlatforms) = preSolution
		Debug|Any CPU = Debug|Any CPU
		Release|Any CPU = Release|Any CPU
	EndGlobalSection
	GlobalSection(ProjectConfigurationPlatforms) = postSolution
		{3371F5E4-B028-4EC6-91E7-5255E6FC6C4B}.Debug|Any CPU.ActiveCfg = Debug|Any CPU
		{3371F5E4-B028-4EC6-91E7-5255E6FC6C4B}.Debug|Any CPU.Build.0 = Debug|Any CPU
		{3371F5E4-B028-4EC6-91E7-5255E6FC6C4B}.Release|Any CPU.ActiveCfg = Release|Any CPU
		{3371F5E4-B028-4EC6-91E7-5255E6FC6C4B}.Release|Any CPU.Build.0 = Release|Any CPU
		{3A8DBDF7-251E-4098-87DE-1A973752247E}.Debug|Any CPU.ActiveCfg = Debug|Any CPU
		{3A8DBDF7-251E-4098-87DE-1A973752247E}.Debug|Any CPU.Build.0 = Debug|Any CPU
		{3A8DBDF7-251E-4098-87DE-1A973752247E}.Release|Any CPU.ActiveCfg = Release|Any CPU
		{3A8DBDF7-251E-4098-87DE-1A973752247E}.Release|Any CPU.Build.0 = Release|Any CPU
	EndGlobalSection
	GlobalSection(SolutionProperties) = preSolution
		HideSolutionNode = FALSE
	EndGlobalSection
	GlobalSection(ExtensibilityGlobals) = postSolution
		SolutionGuid = {E671E509-C4C5-496C-AF09-141B8BAB3103}
	EndGlobalSection
EndGlobal
